// !$*UTF8*$!
{
	archiveVersion = 1;
	classes = {
	};
	objectVersion = 48;
	objects = {

/* Begin PBXBuildFile section */
		03B17FEBCD86FFF976193534 /* Pods_Unredactor.framework in Frameworks */ = {isa = PBXBuildFile; fileRef = 11D38F32394ED42223C4F70A /* Pods_Unredactor.framework */; };
		23066B782315F64300A9E8B0 /* TypingIndicatorViewController.swift in Sources */ = {isa = PBXBuildFile; fileRef = 23066B772315F64300A9E8B0 /* TypingIndicatorViewController.swift */; };
		23066B7C2316F5B200A9E8B0 /* InformationPageViewController.swift in Sources */ = {isa = PBXBuildFile; fileRef = 23066B7B2316F5B200A9E8B0 /* InformationPageViewController.swift */; };
		23066B7E2317577B00A9E8B0 /* UnredactorTextView.swift in Sources */ = {isa = PBXBuildFile; fileRef = 23066B7D2317577B00A9E8B0 /* UnredactorTextView.swift */; };
		23066B80231841A700A9E8B0 /* SummaryTableViewController.swift in Sources */ = {isa = PBXBuildFile; fileRef = 23066B7F231841A700A9E8B0 /* SummaryTableViewController.swift */; };
		2309D19B23027A850028C2BA /* SideMenuViewController.swift in Sources */ = {isa = PBXBuildFile; fileRef = 2309D19A23027A850028C2BA /* SideMenuViewController.swift */; };
		2309D19D230462DB0028C2BA /* CABasicAnimation+Helpers.swift in Sources */ = {isa = PBXBuildFile; fileRef = 2309D19C230462DB0028C2BA /* CABasicAnimation+Helpers.swift */; };
		23159A842305C938007D57DE /* SideMenuTableViewController.swift in Sources */ = {isa = PBXBuildFile; fileRef = 23159A832305C938007D57DE /* SideMenuTableViewController.swift */; };
		23159A86230602AE007D57DE /* UIColor+Helpers.swift in Sources */ = {isa = PBXBuildFile; fileRef = 23159A85230602AE007D57DE /* UIColor+Helpers.swift */; };
		23159A882307138A007D57DE /* ScrollViewController.swift in Sources */ = {isa = PBXBuildFile; fileRef = 23159A872307138A007D57DE /* ScrollViewController.swift */; };
		234E29E824042E14009A615C /* UndoButtonViewController.swift in Sources */ = {isa = PBXBuildFile; fileRef = 234E29E724042E14009A615C /* UndoButtonViewController.swift */; };
		237460C3235CDFAC00747EF2 /* InstructionLabelViewController.swift in Sources */ = {isa = PBXBuildFile; fileRef = 237460C2235CDFAC00747EF2 /* InstructionLabelViewController.swift */; };
		2377E07D22FA01370021C277 /* SwitchViewController.swift in Sources */ = {isa = PBXBuildFile; fileRef = 2377E07C22FA01370021C277 /* SwitchViewController.swift */; };
		2387F78D2308A91A00F918B8 /* ButtonViewController.swift in Sources */ = {isa = PBXBuildFile; fileRef = 2387F78C2308A91A00F918B8 /* ButtonViewController.swift */; };
		2394271C22F8AF1E0026660F /* ScrollDocumentViewController.swift in Sources */ = {isa = PBXBuildFile; fileRef = 2394271B22F8AF1E0026660F /* ScrollDocumentViewController.swift */; };
		23946B7622F2512000A69AF3 /* PageViewController.swift in Sources */ = {isa = PBXBuildFile; fileRef = 23946B7522F2512000A69AF3 /* PageViewController.swift */; };
		2397332F2301B5A400A378C3 /* DocumentViewController.swift in Sources */ = {isa = PBXBuildFile; fileRef = 2397332E2301B5A300A378C3 /* DocumentViewController.swift */; };
		23A4065A2331E7120001DB1D /* String+Helpers.swift in Sources */ = {isa = PBXBuildFile; fileRef = 23A406592331E7120001DB1D /* String+Helpers.swift */; };
		23B64005230DA4C4002ED14C /* WebsiteViewController.swift in Sources */ = {isa = PBXBuildFile; fileRef = 23B64004230DA4C4002ED14C /* WebsiteViewController.swift */; };
		23B876E222F93633006E7D16 /* FolderViewController.swift in Sources */ = {isa = PBXBuildFile; fileRef = 23B876E122F93633006E7D16 /* FolderViewController.swift */; };
		23BE4D192302178B005407FF /* README in Resources */ = {isa = PBXBuildFile; fileRef = 23BE4D182302178B005407FF /* README */; };
		23BE4D1B23022780005407FF /* EditMode.swift in Sources */ = {isa = PBXBuildFile; fileRef = 23BE4D1A23022780005407FF /* EditMode.swift */; };
		23CFA33324751E8B003AADE6 /* AboutViewController.swift in Sources */ = {isa = PBXBuildFile; fileRef = 23CFA33224751E8B003AADE6 /* AboutViewController.swift */; };
		23D44B5524803DA80082D278 /* RedactedKeyboard.swift in Sources */ = {isa = PBXBuildFile; fileRef = 23D44B5424803DA80082D278 /* RedactedKeyboard.swift */; };
		23DCA83622FB4D3800AAAE4B /* TextViewController.swift in Sources */ = {isa = PBXBuildFile; fileRef = 23DCA83522FB4D3800AAAE4B /* TextViewController.swift */; };
		23E607BF23146DD300E00A27 /* ChatViewController.swift in Sources */ = {isa = PBXBuildFile; fileRef = 23E607BE23146DD300E00A27 /* ChatViewController.swift */; };
		23E607C123146E3000E00A27 /* Message.swift in Sources */ = {isa = PBXBuildFile; fileRef = 23E607C023146E3000E00A27 /* Message.swift */; };
		23E607C32314764200E00A27 /* Chatbot.swift in Sources */ = {isa = PBXBuildFile; fileRef = 23E607C22314764200E00A27 /* Chatbot.swift */; };
		23E708072318948300FA2DF8 /* SummaryViewController.swift in Sources */ = {isa = PBXBuildFile; fileRef = 23E708062318948300FA2DF8 /* SummaryViewController.swift */; };
		2F7C0A5922DCF2FC00AD2828 /* AppDelegate.swift in Sources */ = {isa = PBXBuildFile; fileRef = 2F7C0A5822DCF2FC00AD2828 /* AppDelegate.swift */; };
		2F7C0A5E22DCF2FC00AD2828 /* Main.storyboard in Resources */ = {isa = PBXBuildFile; fileRef = 2F7C0A5C22DCF2FC00AD2828 /* Main.storyboard */; };
		2F7C0A6022DCF2FC00AD2828 /* Assets.xcassets in Resources */ = {isa = PBXBuildFile; fileRef = 2F7C0A5F22DCF2FC00AD2828 /* Assets.xcassets */; };
		2F7C0A6322DCF2FC00AD2828 /* LaunchScreen.storyboard in Resources */ = {isa = PBXBuildFile; fileRef = 2F7C0A6122DCF2FC00AD2828 /* LaunchScreen.storyboard */; };
		2F7C0A6E22DCF2FC00AD2828 /* UnredactorTests.swift in Sources */ = {isa = PBXBuildFile; fileRef = 2F7C0A6D22DCF2FC00AD2828 /* UnredactorTests.swift */; };
		2F7C0A7922DCF2FD00AD2828 /* UnredactorUITests.swift in Sources */ = {isa = PBXBuildFile; fileRef = 2F7C0A7822DCF2FD00AD2828 /* UnredactorUITests.swift */; };
		2F7C0A8722DF863F00AD2828 /* Document.swift in Sources */ = {isa = PBXBuildFile; fileRef = 2F7C0A8622DF863F00AD2828 /* Document.swift */; };
		2F7C0A8D22E0310400AD2828 /* Unredactor.swift in Sources */ = {isa = PBXBuildFile; fileRef = 2F7C0A8C22E0310400AD2828 /* Unredactor.swift */; };
		2F7C0A8F22E0451B00AD2828 /* UnredactGestureRecognizer.swift in Sources */ = {isa = PBXBuildFile; fileRef = 2F7C0A8E22E0451B00AD2828 /* UnredactGestureRecognizer.swift */; };
		2F7C0A9122E0D0FF00AD2828 /* Bool+Helpers.swift in Sources */ = {isa = PBXBuildFile; fileRef = 2F7C0A9022E0D0FF00AD2828 /* Bool+Helpers.swift */; };
		2F7C0A9322E0D8DE00AD2828 /* ClassifiedText.swift in Sources */ = {isa = PBXBuildFile; fileRef = 2F7C0A9222E0D8DE00AD2828 /* ClassifiedText.swift */; };
		2F7C0A9522E2D66900AD2828 /* URL+Helpers.swift in Sources */ = {isa = PBXBuildFile; fileRef = 2F7C0A9422E2D66900AD2828 /* URL+Helpers.swift */; };
		2F7C0A9722E5A34B00AD2828 /* Array+Helpers.swift in Sources */ = {isa = PBXBuildFile; fileRef = 2F7C0A9622E5A34B00AD2828 /* Array+Helpers.swift */; };
		2F7C0A9B22E6069600AD2828 /* SettingsTableViewController.swift in Sources */ = {isa = PBXBuildFile; fileRef = 2F7C0A9A22E6069600AD2828 /* SettingsTableViewController.swift */; };
		57D9B0A482CD1839F7FEC441 /* Pods_Unredactor_UnredactorUITests.framework in Frameworks */ = {isa = PBXBuildFile; fileRef = A277AEA6F64A09067A5421AF /* Pods_Unredactor_UnredactorUITests.framework */; };
		AF408DE0110483C0F1D7D467 /* Pods_UnredactorTests.framework in Frameworks */ = {isa = PBXBuildFile; fileRef = 4533FA804DD90C491EE7AB0F /* Pods_UnredactorTests.framework */; };
/* End PBXBuildFile section */

/* Begin PBXContainerItemProxy section */
		2F7C0A6A22DCF2FC00AD2828 /* PBXContainerItemProxy */ = {
			isa = PBXContainerItemProxy;
			containerPortal = 2F7C0A4D22DCF2FC00AD2828 /* Project object */;
			proxyType = 1;
			remoteGlobalIDString = 2F7C0A5422DCF2FC00AD2828;
			remoteInfo = Unredactor;
		};
		2F7C0A7522DCF2FD00AD2828 /* PBXContainerItemProxy */ = {
			isa = PBXContainerItemProxy;
			containerPortal = 2F7C0A4D22DCF2FC00AD2828 /* Project object */;
			proxyType = 1;
			remoteGlobalIDString = 2F7C0A5422DCF2FC00AD2828;
			remoteInfo = Unredactor;
		};
/* End PBXContainerItemProxy section */

/* Begin PBXFileReference section */
		11D38F32394ED42223C4F70A /* Pods_Unredactor.framework */ = {isa = PBXFileReference; explicitFileType = wrapper.framework; includeInIndex = 0; path = Pods_Unredactor.framework; sourceTree = BUILT_PRODUCTS_DIR; };
		1B1FB787C3F2522FAEBBDE3E /* Pods-Unredactor-UnredactorUITests.debug.xcconfig */ = {isa = PBXFileReference; includeInIndex = 1; lastKnownFileType = text.xcconfig; name = "Pods-Unredactor-UnredactorUITests.debug.xcconfig"; path = "Target Support Files/Pods-Unredactor-UnredactorUITests/Pods-Unredactor-UnredactorUITests.debug.xcconfig"; sourceTree = "<group>"; };
		1D3D0ED1703A69F85DFF481D /* Pods-UnredactorTests.debug.xcconfig */ = {isa = PBXFileReference; includeInIndex = 1; lastKnownFileType = text.xcconfig; name = "Pods-UnredactorTests.debug.xcconfig"; path = "Target Support Files/Pods-UnredactorTests/Pods-UnredactorTests.debug.xcconfig"; sourceTree = "<group>"; };
		23066B772315F64300A9E8B0 /* TypingIndicatorViewController.swift */ = {isa = PBXFileReference; lastKnownFileType = sourcecode.swift; path = TypingIndicatorViewController.swift; sourceTree = "<group>"; };
		23066B7B2316F5B200A9E8B0 /* InformationPageViewController.swift */ = {isa = PBXFileReference; lastKnownFileType = sourcecode.swift; path = InformationPageViewController.swift; sourceTree = "<group>"; };
		23066B7D2317577B00A9E8B0 /* UnredactorTextView.swift */ = {isa = PBXFileReference; lastKnownFileType = sourcecode.swift; path = UnredactorTextView.swift; sourceTree = "<group>"; };
		23066B7F231841A700A9E8B0 /* SummaryTableViewController.swift */ = {isa = PBXFileReference; lastKnownFileType = sourcecode.swift; path = SummaryTableViewController.swift; sourceTree = "<group>"; };
		2309D19A23027A850028C2BA /* SideMenuViewController.swift */ = {isa = PBXFileReference; lastKnownFileType = sourcecode.swift; path = SideMenuViewController.swift; sourceTree = "<group>"; };
		2309D19C230462DB0028C2BA /* CABasicAnimation+Helpers.swift */ = {isa = PBXFileReference; lastKnownFileType = sourcecode.swift; path = "CABasicAnimation+Helpers.swift"; sourceTree = "<group>"; };
		23159A832305C938007D57DE /* SideMenuTableViewController.swift */ = {isa = PBXFileReference; lastKnownFileType = sourcecode.swift; path = SideMenuTableViewController.swift; sourceTree = "<group>"; };
		23159A85230602AE007D57DE /* UIColor+Helpers.swift */ = {isa = PBXFileReference; lastKnownFileType = sourcecode.swift; path = "UIColor+Helpers.swift"; sourceTree = "<group>"; };
		23159A872307138A007D57DE /* ScrollViewController.swift */ = {isa = PBXFileReference; lastKnownFileType = sourcecode.swift; path = ScrollViewController.swift; sourceTree = "<group>"; };
		234E29E724042E14009A615C /* UndoButtonViewController.swift */ = {isa = PBXFileReference; lastKnownFileType = sourcecode.swift; path = UndoButtonViewController.swift; sourceTree = "<group>"; };
		237460C2235CDFAC00747EF2 /* InstructionLabelViewController.swift */ = {isa = PBXFileReference; lastKnownFileType = sourcecode.swift; path = InstructionLabelViewController.swift; sourceTree = "<group>"; };
		2377E07C22FA01370021C277 /* SwitchViewController.swift */ = {isa = PBXFileReference; lastKnownFileType = sourcecode.swift; path = SwitchViewController.swift; sourceTree = "<group>"; };
		2387F78C2308A91A00F918B8 /* ButtonViewController.swift */ = {isa = PBXFileReference; lastKnownFileType = sourcecode.swift; path = ButtonViewController.swift; sourceTree = "<group>"; };
		2394271B22F8AF1E0026660F /* ScrollDocumentViewController.swift */ = {isa = PBXFileReference; lastKnownFileType = sourcecode.swift; path = ScrollDocumentViewController.swift; sourceTree = "<group>"; };
		23946B7522F2512000A69AF3 /* PageViewController.swift */ = {isa = PBXFileReference; lastKnownFileType = sourcecode.swift; path = PageViewController.swift; sourceTree = "<group>"; };
		2397332E2301B5A300A378C3 /* DocumentViewController.swift */ = {isa = PBXFileReference; lastKnownFileType = sourcecode.swift; path = DocumentViewController.swift; sourceTree = "<group>"; };
		23A406592331E7120001DB1D /* String+Helpers.swift */ = {isa = PBXFileReference; lastKnownFileType = sourcecode.swift; path = "String+Helpers.swift"; sourceTree = "<group>"; };
		23B64004230DA4C4002ED14C /* WebsiteViewController.swift */ = {isa = PBXFileReference; lastKnownFileType = sourcecode.swift; path = WebsiteViewController.swift; sourceTree = "<group>"; };
		23B876E122F93633006E7D16 /* FolderViewController.swift */ = {isa = PBXFileReference; lastKnownFileType = sourcecode.swift; path = FolderViewController.swift; sourceTree = "<group>"; };
		23BE4D182302178B005407FF /* README */ = {isa = PBXFileReference; lastKnownFileType = text; path = README; sourceTree = "<group>"; };
		23BE4D1A23022780005407FF /* EditMode.swift */ = {isa = PBXFileReference; lastKnownFileType = sourcecode.swift; path = EditMode.swift; sourceTree = "<group>"; };
		23CFA33224751E8B003AADE6 /* AboutViewController.swift */ = {isa = PBXFileReference; lastKnownFileType = sourcecode.swift; path = AboutViewController.swift; sourceTree = "<group>"; };
		23D44B5424803DA80082D278 /* RedactedKeyboard.swift */ = {isa = PBXFileReference; lastKnownFileType = sourcecode.swift; path = RedactedKeyboard.swift; sourceTree = "<group>"; };
		23DCA83522FB4D3800AAAE4B /* TextViewController.swift */ = {isa = PBXFileReference; lastKnownFileType = sourcecode.swift; path = TextViewController.swift; sourceTree = "<group>"; };
		23E607BE23146DD300E00A27 /* ChatViewController.swift */ = {isa = PBXFileReference; lastKnownFileType = sourcecode.swift; path = ChatViewController.swift; sourceTree = "<group>"; };
		23E607C023146E3000E00A27 /* Message.swift */ = {isa = PBXFileReference; lastKnownFileType = sourcecode.swift; path = Message.swift; sourceTree = "<group>"; };
		23E607C22314764200E00A27 /* Chatbot.swift */ = {isa = PBXFileReference; lastKnownFileType = sourcecode.swift; path = Chatbot.swift; sourceTree = "<group>"; };
		23E708062318948300FA2DF8 /* SummaryViewController.swift */ = {isa = PBXFileReference; lastKnownFileType = sourcecode.swift; path = SummaryViewController.swift; sourceTree = "<group>"; };
		2F7C0A5522DCF2FC00AD2828 /* Unredactor.app */ = {isa = PBXFileReference; explicitFileType = wrapper.application; includeInIndex = 0; path = Unredactor.app; sourceTree = BUILT_PRODUCTS_DIR; };
		2F7C0A5822DCF2FC00AD2828 /* AppDelegate.swift */ = {isa = PBXFileReference; lastKnownFileType = sourcecode.swift; path = AppDelegate.swift; sourceTree = "<group>"; };
		2F7C0A5D22DCF2FC00AD2828 /* Base */ = {isa = PBXFileReference; lastKnownFileType = file.storyboard; name = Base; path = Base.lproj/Main.storyboard; sourceTree = "<group>"; };
		2F7C0A5F22DCF2FC00AD2828 /* Assets.xcassets */ = {isa = PBXFileReference; lastKnownFileType = folder.assetcatalog; path = Assets.xcassets; sourceTree = "<group>"; };
		2F7C0A6222DCF2FC00AD2828 /* Base */ = {isa = PBXFileReference; lastKnownFileType = file.storyboard; name = Base; path = Base.lproj/LaunchScreen.storyboard; sourceTree = "<group>"; };
		2F7C0A6422DCF2FC00AD2828 /* Info.plist */ = {isa = PBXFileReference; lastKnownFileType = text.plist.xml; path = Info.plist; sourceTree = "<group>"; };
		2F7C0A6922DCF2FC00AD2828 /* UnredactorTests.xctest */ = {isa = PBXFileReference; explicitFileType = wrapper.cfbundle; includeInIndex = 0; path = UnredactorTests.xctest; sourceTree = BUILT_PRODUCTS_DIR; };
		2F7C0A6D22DCF2FC00AD2828 /* UnredactorTests.swift */ = {isa = PBXFileReference; lastKnownFileType = sourcecode.swift; path = UnredactorTests.swift; sourceTree = "<group>"; };
		2F7C0A6F22DCF2FC00AD2828 /* Info.plist */ = {isa = PBXFileReference; lastKnownFileType = text.plist.xml; path = Info.plist; sourceTree = "<group>"; };
		2F7C0A7422DCF2FD00AD2828 /* UnredactorUITests.xctest */ = {isa = PBXFileReference; explicitFileType = wrapper.cfbundle; includeInIndex = 0; path = UnredactorUITests.xctest; sourceTree = BUILT_PRODUCTS_DIR; };
		2F7C0A7822DCF2FD00AD2828 /* UnredactorUITests.swift */ = {isa = PBXFileReference; lastKnownFileType = sourcecode.swift; path = UnredactorUITests.swift; sourceTree = "<group>"; };
		2F7C0A7A22DCF2FD00AD2828 /* Info.plist */ = {isa = PBXFileReference; lastKnownFileType = text.plist.xml; path = Info.plist; sourceTree = "<group>"; };
		2F7C0A8622DF863F00AD2828 /* Document.swift */ = {isa = PBXFileReference; lastKnownFileType = sourcecode.swift; path = Document.swift; sourceTree = "<group>"; };
		2F7C0A8C22E0310400AD2828 /* Unredactor.swift */ = {isa = PBXFileReference; lastKnownFileType = sourcecode.swift; path = Unredactor.swift; sourceTree = "<group>"; };
		2F7C0A8E22E0451B00AD2828 /* UnredactGestureRecognizer.swift */ = {isa = PBXFileReference; lastKnownFileType = sourcecode.swift; path = UnredactGestureRecognizer.swift; sourceTree = "<group>"; };
		2F7C0A9022E0D0FF00AD2828 /* Bool+Helpers.swift */ = {isa = PBXFileReference; lastKnownFileType = sourcecode.swift; path = "Bool+Helpers.swift"; sourceTree = "<group>"; };
		2F7C0A9222E0D8DE00AD2828 /* ClassifiedText.swift */ = {isa = PBXFileReference; lastKnownFileType = sourcecode.swift; path = ClassifiedText.swift; sourceTree = "<group>"; };
		2F7C0A9422E2D66900AD2828 /* URL+Helpers.swift */ = {isa = PBXFileReference; lastKnownFileType = sourcecode.swift; path = "URL+Helpers.swift"; sourceTree = "<group>"; };
		2F7C0A9622E5A34B00AD2828 /* Array+Helpers.swift */ = {isa = PBXFileReference; lastKnownFileType = sourcecode.swift; path = "Array+Helpers.swift"; sourceTree = "<group>"; };
		2F7C0A9A22E6069600AD2828 /* SettingsTableViewController.swift */ = {isa = PBXFileReference; lastKnownFileType = sourcecode.swift; name = SettingsTableViewController.swift; path = ../SettingsTableViewController.swift; sourceTree = "<group>"; };
		4533FA804DD90C491EE7AB0F /* Pods_UnredactorTests.framework */ = {isa = PBXFileReference; explicitFileType = wrapper.framework; includeInIndex = 0; path = Pods_UnredactorTests.framework; sourceTree = BUILT_PRODUCTS_DIR; };
		51CD2596C94BFBA5DA2EBC5B /* Pods-Unredactor.release.xcconfig */ = {isa = PBXFileReference; includeInIndex = 1; lastKnownFileType = text.xcconfig; name = "Pods-Unredactor.release.xcconfig"; path = "Target Support Files/Pods-Unredactor/Pods-Unredactor.release.xcconfig"; sourceTree = "<group>"; };
		81C67200185FF63360BF1AA0 /* Pods-Unredactor.debug.xcconfig */ = {isa = PBXFileReference; includeInIndex = 1; lastKnownFileType = text.xcconfig; name = "Pods-Unredactor.debug.xcconfig"; path = "Target Support Files/Pods-Unredactor/Pods-Unredactor.debug.xcconfig"; sourceTree = "<group>"; };
		A277AEA6F64A09067A5421AF /* Pods_Unredactor_UnredactorUITests.framework */ = {isa = PBXFileReference; explicitFileType = wrapper.framework; includeInIndex = 0; path = Pods_Unredactor_UnredactorUITests.framework; sourceTree = BUILT_PRODUCTS_DIR; };
		B73330B94CB5C3CB92BAB983 /* Pods-Unredactor-UnredactorUITests.release.xcconfig */ = {isa = PBXFileReference; includeInIndex = 1; lastKnownFileType = text.xcconfig; name = "Pods-Unredactor-UnredactorUITests.release.xcconfig"; path = "Target Support Files/Pods-Unredactor-UnredactorUITests/Pods-Unredactor-UnredactorUITests.release.xcconfig"; sourceTree = "<group>"; };
		C2DCE3D486DB97DF32F4CCAC /* Pods-UnredactorTests.release.xcconfig */ = {isa = PBXFileReference; includeInIndex = 1; lastKnownFileType = text.xcconfig; name = "Pods-UnredactorTests.release.xcconfig"; path = "Target Support Files/Pods-UnredactorTests/Pods-UnredactorTests.release.xcconfig"; sourceTree = "<group>"; };
/* End PBXFileReference section */

/* Begin PBXFrameworksBuildPhase section */
		2F7C0A5222DCF2FC00AD2828 /* Frameworks */ = {
			isa = PBXFrameworksBuildPhase;
			buildActionMask = 2147483647;
			files = (
				03B17FEBCD86FFF976193534 /* Pods_Unredactor.framework in Frameworks */,
			);
			runOnlyForDeploymentPostprocessing = 0;
		};
		2F7C0A6622DCF2FC00AD2828 /* Frameworks */ = {
			isa = PBXFrameworksBuildPhase;
			buildActionMask = 2147483647;
			files = (
				AF408DE0110483C0F1D7D467 /* Pods_UnredactorTests.framework in Frameworks */,
			);
			runOnlyForDeploymentPostprocessing = 0;
		};
		2F7C0A7122DCF2FC00AD2828 /* Frameworks */ = {
			isa = PBXFrameworksBuildPhase;
			buildActionMask = 2147483647;
			files = (
				57D9B0A482CD1839F7FEC441 /* Pods_Unredactor_UnredactorUITests.framework in Frameworks */,
			);
			runOnlyForDeploymentPostprocessing = 0;
		};
/* End PBXFrameworksBuildPhase section */

/* Begin PBXGroup section */
		23066B702315F50F00A9E8B0 /* Unredactor */ = {
			isa = PBXGroup;
			children = (
				2394271B22F8AF1E0026660F /* ScrollDocumentViewController.swift */,
				23DCA83522FB4D3800AAAE4B /* TextViewController.swift */,
				2377E07C22FA01370021C277 /* SwitchViewController.swift */,
				23066B7D2317577B00A9E8B0 /* UnredactorTextView.swift */,
				237460C2235CDFAC00747EF2 /* InstructionLabelViewController.swift */,
				234E29E724042E14009A615C /* UndoButtonViewController.swift */,
			);
			path = Unredactor;
			sourceTree = "<group>";
		};
		23066B712315F53300A9E8B0 /* ParentViewControllers */ = {
			isa = PBXGroup;
			children = (
				2397332E2301B5A300A378C3 /* DocumentViewController.swift */,
				23159A872307138A007D57DE /* ScrollViewController.swift */,
			);
			path = ParentViewControllers;
			sourceTree = "<group>";
		};
		23066B722315F55D00A9E8B0 /* RootView */ = {
			isa = PBXGroup;
			children = (
				23B876E122F93633006E7D16 /* FolderViewController.swift */,
				23946B7522F2512000A69AF3 /* PageViewController.swift */,
				2387F78C2308A91A00F918B8 /* ButtonViewController.swift */,
				23066B732315F58A00A9E8B0 /* SideMenu */,
			);
			path = RootView;
			sourceTree = "<group>";
		};
		23066B732315F58A00A9E8B0 /* SideMenu */ = {
			isa = PBXGroup;
			children = (
				2309D19A23027A850028C2BA /* SideMenuViewController.swift */,
				23159A832305C938007D57DE /* SideMenuTableViewController.swift */,
			);
			path = SideMenu;
			sourceTree = "<group>";
		};
		23066B742315F5D600A9E8B0 /* ChatView */ = {
			isa = PBXGroup;
			children = (
				23E607BE23146DD300E00A27 /* ChatViewController.swift */,
				23066B792315F65000A9E8B0 /* TypingIndicator */,
			);
			path = ChatView;
			sourceTree = "<group>";
		};
		23066B792315F65000A9E8B0 /* TypingIndicator */ = {
			isa = PBXGroup;
			children = (
				23066B772315F64300A9E8B0 /* TypingIndicatorViewController.swift */,
			);
			path = TypingIndicator;
			sourceTree = "<group>";
		};
		23066B7A2316F59700A9E8B0 /* InformationPageViewController */ = {
			isa = PBXGroup;
			children = (
				23066B7B2316F5B200A9E8B0 /* InformationPageViewController.swift */,
				23E708062318948300FA2DF8 /* SummaryViewController.swift */,
				23066B7F231841A700A9E8B0 /* SummaryTableViewController.swift */,
			);
			path = InformationPageViewController;
			sourceTree = "<group>";
		};
		237C08A022FB95C800DE3379 /* Old Stuff (Unused) */ = {
			isa = PBXGroup;
			children = (
				23066B742315F5D600A9E8B0 /* ChatView */,
				2F7C0A9A22E6069600AD2828 /* SettingsTableViewController.swift */,
			);
			path = "Old Stuff (Unused)";
			sourceTree = "<group>";
		};
		23946B7722F3AFD300A69AF3 /* Controllers */ = {
			isa = PBXGroup;
			children = (
				23066B712315F53300A9E8B0 /* ParentViewControllers */,
				23066B722315F55D00A9E8B0 /* RootView */,
				23066B702315F50F00A9E8B0 /* Unredactor */,
				23066B7A2316F59700A9E8B0 /* InformationPageViewController */,
				23B64004230DA4C4002ED14C /* WebsiteViewController.swift */,
				23CFA33224751E8B003AADE6 /* AboutViewController.swift */,
			);
			path = Controllers;
			sourceTree = "<group>";
		};
		23946B7822F3B04200A69AF3 /* Model */ = {
			isa = PBXGroup;
			children = (
				2F7C0A8622DF863F00AD2828 /* Document.swift */,
				2F7C0A9222E0D8DE00AD2828 /* ClassifiedText.swift */,
				2F7C0A8C22E0310400AD2828 /* Unredactor.swift */,
				23BE4D1A23022780005407FF /* EditMode.swift */,
				23E607C023146E3000E00A27 /* Message.swift */,
				23E607C22314764200E00A27 /* Chatbot.swift */,
			);
			path = Model;
			sourceTree = "<group>";
		};
		23946B7922F3B05800A69AF3 /* Extensions */ = {
			isa = PBXGroup;
			children = (
				2F7C0A8E22E0451B00AD2828 /* UnredactGestureRecognizer.swift */,
				2F7C0A9022E0D0FF00AD2828 /* Bool+Helpers.swift */,
				2F7C0A9422E2D66900AD2828 /* URL+Helpers.swift */,
				2F7C0A9622E5A34B00AD2828 /* Array+Helpers.swift */,
				2309D19C230462DB0028C2BA /* CABasicAnimation+Helpers.swift */,
				23159A85230602AE007D57DE /* UIColor+Helpers.swift */,
				23A406592331E7120001DB1D /* String+Helpers.swift */,
			);
			path = Extensions;
			sourceTree = "<group>";
		};
		23D44B53248010D50082D278 /* View */ = {
			isa = PBXGroup;
			children = (
				2F7C0A5C22DCF2FC00AD2828 /* Main.storyboard */,
				2F7C0A6122DCF2FC00AD2828 /* LaunchScreen.storyboard */,
				23D44B5424803DA80082D278 /* RedactedKeyboard.swift */,
			);
			path = View;
			sourceTree = "<group>";
		};
		2F7C0A4C22DCF2FC00AD2828 = {
			isa = PBXGroup;
			children = (
				2F7C0A5722DCF2FC00AD2828 /* Unredactor */,
				2F7C0A6C22DCF2FC00AD2828 /* UnredactorTests */,
				2F7C0A7722DCF2FD00AD2828 /* UnredactorUITests */,
				2F7C0A5622DCF2FC00AD2828 /* Products */,
				D256B9F28E4325BE35FF4C6B /* Pods */,
				BC71B125C481A3659BF22B97 /* Frameworks */,
			);
			sourceTree = "<group>";
		};
		2F7C0A5622DCF2FC00AD2828 /* Products */ = {
			isa = PBXGroup;
			children = (
				2F7C0A5522DCF2FC00AD2828 /* Unredactor.app */,
				2F7C0A6922DCF2FC00AD2828 /* UnredactorTests.xctest */,
				2F7C0A7422DCF2FD00AD2828 /* UnredactorUITests.xctest */,
			);
			name = Products;
			sourceTree = "<group>";
		};
		2F7C0A5722DCF2FC00AD2828 /* Unredactor */ = {
			isa = PBXGroup;
			children = (
				2F7C0A5822DCF2FC00AD2828 /* AppDelegate.swift */,
				23BE4D182302178B005407FF /* README */,
				23946B7722F3AFD300A69AF3 /* Controllers */,
				23946B7822F3B04200A69AF3 /* Model */,
				23D44B53248010D50082D278 /* View */,
				23946B7922F3B05800A69AF3 /* Extensions */,
				237C08A022FB95C800DE3379 /* Old Stuff (Unused) */,
				2F7C0A5F22DCF2FC00AD2828 /* Assets.xcassets */,
				2F7C0A6422DCF2FC00AD2828 /* Info.plist */,
			);
			path = Unredactor;
			sourceTree = "<group>";
		};
		2F7C0A6C22DCF2FC00AD2828 /* UnredactorTests */ = {
			isa = PBXGroup;
			children = (
				2F7C0A6D22DCF2FC00AD2828 /* UnredactorTests.swift */,
				2F7C0A6F22DCF2FC00AD2828 /* Info.plist */,
			);
			path = UnredactorTests;
			sourceTree = "<group>";
		};
		2F7C0A7722DCF2FD00AD2828 /* UnredactorUITests */ = {
			isa = PBXGroup;
			children = (
				2F7C0A7822DCF2FD00AD2828 /* UnredactorUITests.swift */,
				2F7C0A7A22DCF2FD00AD2828 /* Info.plist */,
			);
			path = UnredactorUITests;
			sourceTree = "<group>";
		};
		BC71B125C481A3659BF22B97 /* Frameworks */ = {
			isa = PBXGroup;
			children = (
				11D38F32394ED42223C4F70A /* Pods_Unredactor.framework */,
				A277AEA6F64A09067A5421AF /* Pods_Unredactor_UnredactorUITests.framework */,
				4533FA804DD90C491EE7AB0F /* Pods_UnredactorTests.framework */,
			);
			name = Frameworks;
			sourceTree = "<group>";
		};
		D256B9F28E4325BE35FF4C6B /* Pods */ = {
			isa = PBXGroup;
			children = (
				81C67200185FF63360BF1AA0 /* Pods-Unredactor.debug.xcconfig */,
				51CD2596C94BFBA5DA2EBC5B /* Pods-Unredactor.release.xcconfig */,
				1B1FB787C3F2522FAEBBDE3E /* Pods-Unredactor-UnredactorUITests.debug.xcconfig */,
				B73330B94CB5C3CB92BAB983 /* Pods-Unredactor-UnredactorUITests.release.xcconfig */,
				1D3D0ED1703A69F85DFF481D /* Pods-UnredactorTests.debug.xcconfig */,
				C2DCE3D486DB97DF32F4CCAC /* Pods-UnredactorTests.release.xcconfig */,
			);
			path = Pods;
			sourceTree = "<group>";
		};
/* End PBXGroup section */

/* Begin PBXNativeTarget section */
		2F7C0A5422DCF2FC00AD2828 /* Unredactor */ = {
			isa = PBXNativeTarget;
			buildConfigurationList = 2F7C0A7D22DCF2FD00AD2828 /* Build configuration list for PBXNativeTarget "Unredactor" */;
			buildPhases = (
				2C6D1062468EC8295BFB2030 /* [CP] Check Pods Manifest.lock */,
				2F7C0A5122DCF2FC00AD2828 /* Sources */,
				2F7C0A5222DCF2FC00AD2828 /* Frameworks */,
				2F7C0A5322DCF2FC00AD2828 /* Resources */,
				4A6B9B989278ECB2B8FDEC77 /* [CP] Embed Pods Frameworks */,
			);
			buildRules = (
			);
			dependencies = (
			);
			name = Unredactor;
			productName = Unredactor;
			productReference = 2F7C0A5522DCF2FC00AD2828 /* Unredactor.app */;
			productType = "com.apple.product-type.application";
		};
		2F7C0A6822DCF2FC00AD2828 /* UnredactorTests */ = {
			isa = PBXNativeTarget;
			buildConfigurationList = 2F7C0A8022DCF2FD00AD2828 /* Build configuration list for PBXNativeTarget "UnredactorTests" */;
			buildPhases = (
				FF53C1994D6E1DC23017E284 /* [CP] Check Pods Manifest.lock */,
				2F7C0A6522DCF2FC00AD2828 /* Sources */,
				2F7C0A6622DCF2FC00AD2828 /* Frameworks */,
				2F7C0A6722DCF2FC00AD2828 /* Resources */,
			);
			buildRules = (
			);
			dependencies = (
				2F7C0A6B22DCF2FC00AD2828 /* PBXTargetDependency */,
			);
			name = UnredactorTests;
			productName = UnredactorTests;
			productReference = 2F7C0A6922DCF2FC00AD2828 /* UnredactorTests.xctest */;
			productType = "com.apple.product-type.bundle.unit-test";
		};
		2F7C0A7322DCF2FC00AD2828 /* UnredactorUITests */ = {
			isa = PBXNativeTarget;
			buildConfigurationList = 2F7C0A8322DCF2FD00AD2828 /* Build configuration list for PBXNativeTarget "UnredactorUITests" */;
			buildPhases = (
				FD3E09C3CD6DD2D2F97533FF /* [CP] Check Pods Manifest.lock */,
				2F7C0A7022DCF2FC00AD2828 /* Sources */,
				2F7C0A7122DCF2FC00AD2828 /* Frameworks */,
				2F7C0A7222DCF2FC00AD2828 /* Resources */,
				4FFE2319AE90CE4B7BB24A6C /* [CP] Embed Pods Frameworks */,
			);
			buildRules = (
			);
			dependencies = (
				2F7C0A7622DCF2FD00AD2828 /* PBXTargetDependency */,
			);
			name = UnredactorUITests;
			productName = UnredactorUITests;
			productReference = 2F7C0A7422DCF2FD00AD2828 /* UnredactorUITests.xctest */;
			productType = "com.apple.product-type.bundle.ui-testing";
		};
/* End PBXNativeTarget section */

/* Begin PBXProject section */
		2F7C0A4D22DCF2FC00AD2828 /* Project object */ = {
			isa = PBXProject;
			attributes = {
				LastSwiftUpdateCheck = 0920;
				LastUpgradeCheck = 1030;
				ORGANIZATIONNAME = tyler;
				TargetAttributes = {
					2F7C0A5422DCF2FC00AD2828 = {
						CreatedOnToolsVersion = 9.2;
						LastSwiftMigration = 1030;
						ProvisioningStyle = Automatic;
					};
					2F7C0A6822DCF2FC00AD2828 = {
						CreatedOnToolsVersion = 9.2;
						LastSwiftMigration = 1030;
						ProvisioningStyle = Automatic;
						TestTargetID = 2F7C0A5422DCF2FC00AD2828;
					};
					2F7C0A7322DCF2FC00AD2828 = {
						CreatedOnToolsVersion = 9.2;
						LastSwiftMigration = 1030;
						ProvisioningStyle = Automatic;
						TestTargetID = 2F7C0A5422DCF2FC00AD2828;
					};
				};
			};
			buildConfigurationList = 2F7C0A5022DCF2FC00AD2828 /* Build configuration list for PBXProject "Unredactor" */;
			compatibilityVersion = "Xcode 8.0";
			developmentRegion = en;
			hasScannedForEncodings = 0;
			knownRegions = (
				en,
				Base,
			);
			mainGroup = 2F7C0A4C22DCF2FC00AD2828;
			productRefGroup = 2F7C0A5622DCF2FC00AD2828 /* Products */;
			projectDirPath = "";
			projectRoot = "";
			targets = (
				2F7C0A5422DCF2FC00AD2828 /* Unredactor */,
				2F7C0A6822DCF2FC00AD2828 /* UnredactorTests */,
				2F7C0A7322DCF2FC00AD2828 /* UnredactorUITests */,
			);
		};
/* End PBXProject section */

/* Begin PBXResourcesBuildPhase section */
		2F7C0A5322DCF2FC00AD2828 /* Resources */ = {
			isa = PBXResourcesBuildPhase;
			buildActionMask = 2147483647;
			files = (
				23BE4D192302178B005407FF /* README in Resources */,
				2F7C0A6322DCF2FC00AD2828 /* LaunchScreen.storyboard in Resources */,
				2F7C0A6022DCF2FC00AD2828 /* Assets.xcassets in Resources */,
				2F7C0A5E22DCF2FC00AD2828 /* Main.storyboard in Resources */,
			);
			runOnlyForDeploymentPostprocessing = 0;
		};
		2F7C0A6722DCF2FC00AD2828 /* Resources */ = {
			isa = PBXResourcesBuildPhase;
			buildActionMask = 2147483647;
			files = (
			);
			runOnlyForDeploymentPostprocessing = 0;
		};
		2F7C0A7222DCF2FC00AD2828 /* Resources */ = {
			isa = PBXResourcesBuildPhase;
			buildActionMask = 2147483647;
			files = (
			);
			runOnlyForDeploymentPostprocessing = 0;
		};
/* End PBXResourcesBuildPhase section */

/* Begin PBXShellScriptBuildPhase section */
		2C6D1062468EC8295BFB2030 /* [CP] Check Pods Manifest.lock */ = {
			isa = PBXShellScriptBuildPhase;
			buildActionMask = 2147483647;
			files = (
			);
			inputFileListPaths = (
			);
			inputPaths = (
				"${PODS_PODFILE_DIR_PATH}/Podfile.lock",
				"${PODS_ROOT}/Manifest.lock",
			);
			name = "[CP] Check Pods Manifest.lock";
			outputFileListPaths = (
			);
			outputPaths = (
				"$(DERIVED_FILE_DIR)/Pods-Unredactor-checkManifestLockResult.txt",
			);
			runOnlyForDeploymentPostprocessing = 0;
			shellPath = /bin/sh;
			shellScript = "diff \"${PODS_PODFILE_DIR_PATH}/Podfile.lock\" \"${PODS_ROOT}/Manifest.lock\" > /dev/null\nif [ $? != 0 ] ; then\n    # print error to STDERR\n    echo \"error: The sandbox is not in sync with the Podfile.lock. Run 'pod install' or update your CocoaPods installation.\" >&2\n    exit 1\nfi\n# This output is used by Xcode 'outputs' to avoid re-running this script phase.\necho \"SUCCESS\" > \"${SCRIPT_OUTPUT_FILE_0}\"\n";
			showEnvVarsInLog = 0;
		};
		4A6B9B989278ECB2B8FDEC77 /* [CP] Embed Pods Frameworks */ = {
			isa = PBXShellScriptBuildPhase;
			buildActionMask = 2147483647;
			files = (
			);
			inputPaths = (
				"${PODS_ROOT}/Target Support Files/Pods-Unredactor/Pods-Unredactor-frameworks.sh",
				"${BUILT_PRODUCTS_DIR}/Alamofire/Alamofire.framework",
			);
			name = "[CP] Embed Pods Frameworks";
			outputPaths = (
				"${TARGET_BUILD_DIR}/${FRAMEWORKS_FOLDER_PATH}/Alamofire.framework",
			);
			runOnlyForDeploymentPostprocessing = 0;
			shellPath = /bin/sh;
			shellScript = "\"${PODS_ROOT}/Target Support Files/Pods-Unredactor/Pods-Unredactor-frameworks.sh\"\n";
			showEnvVarsInLog = 0;
		};
		4FFE2319AE90CE4B7BB24A6C /* [CP] Embed Pods Frameworks */ = {
			isa = PBXShellScriptBuildPhase;
			buildActionMask = 2147483647;
			files = (
			);
			inputPaths = (
				"${PODS_ROOT}/Target Support Files/Pods-Unredactor-UnredactorUITests/Pods-Unredactor-UnredactorUITests-frameworks.sh",
				"${BUILT_PRODUCTS_DIR}/Alamofire/Alamofire.framework",
			);
			name = "[CP] Embed Pods Frameworks";
			outputPaths = (
				"${TARGET_BUILD_DIR}/${FRAMEWORKS_FOLDER_PATH}/Alamofire.framework",
			);
			runOnlyForDeploymentPostprocessing = 0;
			shellPath = /bin/sh;
			shellScript = "\"${PODS_ROOT}/Target Support Files/Pods-Unredactor-UnredactorUITests/Pods-Unredactor-UnredactorUITests-frameworks.sh\"\n";
			showEnvVarsInLog = 0;
		};
		FD3E09C3CD6DD2D2F97533FF /* [CP] Check Pods Manifest.lock */ = {
			isa = PBXShellScriptBuildPhase;
			buildActionMask = 2147483647;
			files = (
			);
			inputFileListPaths = (
			);
			inputPaths = (
				"${PODS_PODFILE_DIR_PATH}/Podfile.lock",
				"${PODS_ROOT}/Manifest.lock",
			);
			name = "[CP] Check Pods Manifest.lock";
			outputFileListPaths = (
			);
			outputPaths = (
				"$(DERIVED_FILE_DIR)/Pods-Unredactor-UnredactorUITests-checkManifestLockResult.txt",
			);
			runOnlyForDeploymentPostprocessing = 0;
			shellPath = /bin/sh;
			shellScript = "diff \"${PODS_PODFILE_DIR_PATH}/Podfile.lock\" \"${PODS_ROOT}/Manifest.lock\" > /dev/null\nif [ $? != 0 ] ; then\n    # print error to STDERR\n    echo \"error: The sandbox is not in sync with the Podfile.lock. Run 'pod install' or update your CocoaPods installation.\" >&2\n    exit 1\nfi\n# This output is used by Xcode 'outputs' to avoid re-running this script phase.\necho \"SUCCESS\" > \"${SCRIPT_OUTPUT_FILE_0}\"\n";
			showEnvVarsInLog = 0;
		};
		FF53C1994D6E1DC23017E284 /* [CP] Check Pods Manifest.lock */ = {
			isa = PBXShellScriptBuildPhase;
			buildActionMask = 2147483647;
			files = (
			);
			inputFileListPaths = (
			);
			inputPaths = (
				"${PODS_PODFILE_DIR_PATH}/Podfile.lock",
				"${PODS_ROOT}/Manifest.lock",
			);
			name = "[CP] Check Pods Manifest.lock";
			outputFileListPaths = (
			);
			outputPaths = (
				"$(DERIVED_FILE_DIR)/Pods-UnredactorTests-checkManifestLockResult.txt",
			);
			runOnlyForDeploymentPostprocessing = 0;
			shellPath = /bin/sh;
			shellScript = "diff \"${PODS_PODFILE_DIR_PATH}/Podfile.lock\" \"${PODS_ROOT}/Manifest.lock\" > /dev/null\nif [ $? != 0 ] ; then\n    # print error to STDERR\n    echo \"error: The sandbox is not in sync with the Podfile.lock. Run 'pod install' or update your CocoaPods installation.\" >&2\n    exit 1\nfi\n# This output is used by Xcode 'outputs' to avoid re-running this script phase.\necho \"SUCCESS\" > \"${SCRIPT_OUTPUT_FILE_0}\"\n";
			showEnvVarsInLog = 0;
		};
/* End PBXShellScriptBuildPhase section */

/* Begin PBXSourcesBuildPhase section */
		2F7C0A5122DCF2FC00AD2828 /* Sources */ = {
			isa = PBXSourcesBuildPhase;
			buildActionMask = 2147483647;
			files = (
				2F7C0A9B22E6069600AD2828 /* SettingsTableViewController.swift in Sources */,
				23159A842305C938007D57DE /* SideMenuTableViewController.swift in Sources */,
				23066B7E2317577B00A9E8B0 /* UnredactorTextView.swift in Sources */,
				23CFA33324751E8B003AADE6 /* AboutViewController.swift in Sources */,
				2F7C0A9522E2D66900AD2828 /* URL+Helpers.swift in Sources */,
				23A4065A2331E7120001DB1D /* String+Helpers.swift in Sources */,
				2F7C0A8722DF863F00AD2828 /* Document.swift in Sources */,
				2309D19D230462DB0028C2BA /* CABasicAnimation+Helpers.swift in Sources */,
				23E708072318948300FA2DF8 /* SummaryViewController.swift in Sources */,
				2F7C0A8D22E0310400AD2828 /* Unredactor.swift in Sources */,
				23D44B5524803DA80082D278 /* RedactedKeyboard.swift in Sources */,
				2F7C0A9322E0D8DE00AD2828 /* ClassifiedText.swift in Sources */,
				23E607C123146E3000E00A27 /* Message.swift in Sources */,
				23066B782315F64300A9E8B0 /* TypingIndicatorViewController.swift in Sources */,
				2377E07D22FA01370021C277 /* SwitchViewController.swift in Sources */,
				23B64005230DA4C4002ED14C /* WebsiteViewController.swift in Sources */,
				23BE4D1B23022780005407FF /* EditMode.swift in Sources */,
				23E607BF23146DD300E00A27 /* ChatViewController.swift in Sources */,
				2394271C22F8AF1E0026660F /* ScrollDocumentViewController.swift in Sources */,
				23159A882307138A007D57DE /* ScrollViewController.swift in Sources */,
				23B876E222F93633006E7D16 /* FolderViewController.swift in Sources */,
				23159A86230602AE007D57DE /* UIColor+Helpers.swift in Sources */,
				237460C3235CDFAC00747EF2 /* InstructionLabelViewController.swift in Sources */,
				2F7C0A9722E5A34B00AD2828 /* Array+Helpers.swift in Sources */,
				2309D19B23027A850028C2BA /* SideMenuViewController.swift in Sources */,
				23946B7622F2512000A69AF3 /* PageViewController.swift in Sources */,
				23066B80231841A700A9E8B0 /* SummaryTableViewController.swift in Sources */,
				2387F78D2308A91A00F918B8 /* ButtonViewController.swift in Sources */,
				2F7C0A9122E0D0FF00AD2828 /* Bool+Helpers.swift in Sources */,
				23066B7C2316F5B200A9E8B0 /* InformationPageViewController.swift in Sources */,
				234E29E824042E14009A615C /* UndoButtonViewController.swift in Sources */,
				23E607C32314764200E00A27 /* Chatbot.swift in Sources */,
				23DCA83622FB4D3800AAAE4B /* TextViewController.swift in Sources */,
				2397332F2301B5A400A378C3 /* DocumentViewController.swift in Sources */,
				2F7C0A5922DCF2FC00AD2828 /* AppDelegate.swift in Sources */,
				2F7C0A8F22E0451B00AD2828 /* UnredactGestureRecognizer.swift in Sources */,
			);
			runOnlyForDeploymentPostprocessing = 0;
		};
		2F7C0A6522DCF2FC00AD2828 /* Sources */ = {
			isa = PBXSourcesBuildPhase;
			buildActionMask = 2147483647;
			files = (
				2F7C0A6E22DCF2FC00AD2828 /* UnredactorTests.swift in Sources */,
			);
			runOnlyForDeploymentPostprocessing = 0;
		};
		2F7C0A7022DCF2FC00AD2828 /* Sources */ = {
			isa = PBXSourcesBuildPhase;
			buildActionMask = 2147483647;
			files = (
				2F7C0A7922DCF2FD00AD2828 /* UnredactorUITests.swift in Sources */,
			);
			runOnlyForDeploymentPostprocessing = 0;
		};
/* End PBXSourcesBuildPhase section */

/* Begin PBXTargetDependency section */
		2F7C0A6B22DCF2FC00AD2828 /* PBXTargetDependency */ = {
			isa = PBXTargetDependency;
			target = 2F7C0A5422DCF2FC00AD2828 /* Unredactor */;
			targetProxy = 2F7C0A6A22DCF2FC00AD2828 /* PBXContainerItemProxy */;
		};
		2F7C0A7622DCF2FD00AD2828 /* PBXTargetDependency */ = {
			isa = PBXTargetDependency;
			target = 2F7C0A5422DCF2FC00AD2828 /* Unredactor */;
			targetProxy = 2F7C0A7522DCF2FD00AD2828 /* PBXContainerItemProxy */;
		};
/* End PBXTargetDependency section */

/* Begin PBXVariantGroup section */
		2F7C0A5C22DCF2FC00AD2828 /* Main.storyboard */ = {
			isa = PBXVariantGroup;
			children = (
				2F7C0A5D22DCF2FC00AD2828 /* Base */,
			);
			name = Main.storyboard;
			sourceTree = "<group>";
		};
		2F7C0A6122DCF2FC00AD2828 /* LaunchScreen.storyboard */ = {
			isa = PBXVariantGroup;
			children = (
				2F7C0A6222DCF2FC00AD2828 /* Base */,
			);
			name = LaunchScreen.storyboard;
			sourceTree = "<group>";
		};
/* End PBXVariantGroup section */

/* Begin XCBuildConfiguration section */
		2F7C0A7B22DCF2FD00AD2828 /* Debug */ = {
			isa = XCBuildConfiguration;
			buildSettings = {
				ALWAYS_SEARCH_USER_PATHS = NO;
				CLANG_ANALYZER_NONNULL = YES;
				CLANG_ANALYZER_NUMBER_OBJECT_CONVERSION = YES_AGGRESSIVE;
				CLANG_CXX_LANGUAGE_STANDARD = "gnu++14";
				CLANG_CXX_LIBRARY = "libc++";
				CLANG_ENABLE_MODULES = YES;
				CLANG_ENABLE_OBJC_ARC = YES;
				CLANG_WARN_BLOCK_CAPTURE_AUTORELEASING = YES;
				CLANG_WARN_BOOL_CONVERSION = YES;
				CLANG_WARN_COMMA = YES;
				CLANG_WARN_CONSTANT_CONVERSION = YES;
				CLANG_WARN_DEPRECATED_OBJC_IMPLEMENTATIONS = YES;
				CLANG_WARN_DIRECT_OBJC_ISA_USAGE = YES_ERROR;
				CLANG_WARN_DOCUMENTATION_COMMENTS = YES;
				CLANG_WARN_EMPTY_BODY = YES;
				CLANG_WARN_ENUM_CONVERSION = YES;
				CLANG_WARN_INFINITE_RECURSION = YES;
				CLANG_WARN_INT_CONVERSION = YES;
				CLANG_WARN_NON_LITERAL_NULL_CONVERSION = YES;
				CLANG_WARN_OBJC_IMPLICIT_RETAIN_SELF = YES;
				CLANG_WARN_OBJC_LITERAL_CONVERSION = YES;
				CLANG_WARN_OBJC_ROOT_CLASS = YES_ERROR;
				CLANG_WARN_RANGE_LOOP_ANALYSIS = YES;
				CLANG_WARN_STRICT_PROTOTYPES = YES;
				CLANG_WARN_SUSPICIOUS_MOVE = YES;
				CLANG_WARN_UNGUARDED_AVAILABILITY = YES_AGGRESSIVE;
				CLANG_WARN_UNREACHABLE_CODE = YES;
				CLANG_WARN__DUPLICATE_METHOD_MATCH = YES;
				CODE_SIGN_IDENTITY = "iPhone Developer";
				COPY_PHASE_STRIP = NO;
				DEBUG_INFORMATION_FORMAT = dwarf;
				ENABLE_STRICT_OBJC_MSGSEND = YES;
				ENABLE_TESTABILITY = YES;
				GCC_C_LANGUAGE_STANDARD = gnu11;
				GCC_DYNAMIC_NO_PIC = NO;
				GCC_NO_COMMON_BLOCKS = YES;
				GCC_OPTIMIZATION_LEVEL = 0;
				GCC_PREPROCESSOR_DEFINITIONS = (
					"DEBUG=1",
					"$(inherited)",
				);
				GCC_WARN_64_TO_32_BIT_CONVERSION = YES;
				GCC_WARN_ABOUT_RETURN_TYPE = YES_ERROR;
				GCC_WARN_UNDECLARED_SELECTOR = YES;
				GCC_WARN_UNINITIALIZED_AUTOS = YES_AGGRESSIVE;
				GCC_WARN_UNUSED_FUNCTION = YES;
				GCC_WARN_UNUSED_VARIABLE = YES;
				IPHONEOS_DEPLOYMENT_TARGET = 11.2;
				MTL_ENABLE_DEBUG_INFO = YES;
				ONLY_ACTIVE_ARCH = YES;
				SDKROOT = iphoneos;
				SWIFT_ACTIVE_COMPILATION_CONDITIONS = DEBUG;
				SWIFT_OPTIMIZATION_LEVEL = "-Onone";
			};
			name = Debug;
		};
		2F7C0A7C22DCF2FD00AD2828 /* Release */ = {
			isa = XCBuildConfiguration;
			buildSettings = {
				ALWAYS_SEARCH_USER_PATHS = NO;
				CLANG_ANALYZER_NONNULL = YES;
				CLANG_ANALYZER_NUMBER_OBJECT_CONVERSION = YES_AGGRESSIVE;
				CLANG_CXX_LANGUAGE_STANDARD = "gnu++14";
				CLANG_CXX_LIBRARY = "libc++";
				CLANG_ENABLE_MODULES = YES;
				CLANG_ENABLE_OBJC_ARC = YES;
				CLANG_WARN_BLOCK_CAPTURE_AUTORELEASING = YES;
				CLANG_WARN_BOOL_CONVERSION = YES;
				CLANG_WARN_COMMA = YES;
				CLANG_WARN_CONSTANT_CONVERSION = YES;
				CLANG_WARN_DEPRECATED_OBJC_IMPLEMENTATIONS = YES;
				CLANG_WARN_DIRECT_OBJC_ISA_USAGE = YES_ERROR;
				CLANG_WARN_DOCUMENTATION_COMMENTS = YES;
				CLANG_WARN_EMPTY_BODY = YES;
				CLANG_WARN_ENUM_CONVERSION = YES;
				CLANG_WARN_INFINITE_RECURSION = YES;
				CLANG_WARN_INT_CONVERSION = YES;
				CLANG_WARN_NON_LITERAL_NULL_CONVERSION = YES;
				CLANG_WARN_OBJC_IMPLICIT_RETAIN_SELF = YES;
				CLANG_WARN_OBJC_LITERAL_CONVERSION = YES;
				CLANG_WARN_OBJC_ROOT_CLASS = YES_ERROR;
				CLANG_WARN_RANGE_LOOP_ANALYSIS = YES;
				CLANG_WARN_STRICT_PROTOTYPES = YES;
				CLANG_WARN_SUSPICIOUS_MOVE = YES;
				CLANG_WARN_UNGUARDED_AVAILABILITY = YES_AGGRESSIVE;
				CLANG_WARN_UNREACHABLE_CODE = YES;
				CLANG_WARN__DUPLICATE_METHOD_MATCH = YES;
				CODE_SIGN_IDENTITY = "iPhone Developer";
				COPY_PHASE_STRIP = NO;
				DEBUG_INFORMATION_FORMAT = "dwarf-with-dsym";
				ENABLE_NS_ASSERTIONS = NO;
				ENABLE_STRICT_OBJC_MSGSEND = YES;
				GCC_C_LANGUAGE_STANDARD = gnu11;
				GCC_NO_COMMON_BLOCKS = YES;
				GCC_WARN_64_TO_32_BIT_CONVERSION = YES;
				GCC_WARN_ABOUT_RETURN_TYPE = YES_ERROR;
				GCC_WARN_UNDECLARED_SELECTOR = YES;
				GCC_WARN_UNINITIALIZED_AUTOS = YES_AGGRESSIVE;
				GCC_WARN_UNUSED_FUNCTION = YES;
				GCC_WARN_UNUSED_VARIABLE = YES;
				IPHONEOS_DEPLOYMENT_TARGET = 11.2;
				MTL_ENABLE_DEBUG_INFO = NO;
				SDKROOT = iphoneos;
				SWIFT_OPTIMIZATION_LEVEL = "-Owholemodule";
				VALIDATE_PRODUCT = YES;
			};
			name = Release;
		};
		2F7C0A7E22DCF2FD00AD2828 /* Debug */ = {
			isa = XCBuildConfiguration;
			baseConfigurationReference = 81C67200185FF63360BF1AA0 /* Pods-Unredactor.debug.xcconfig */;
			buildSettings = {
				ASSETCATALOG_COMPILER_APPICON_NAME = AppIcon;
				CODE_SIGN_STYLE = Automatic;
				DEVELOPMENT_TEAM = UY8VPSD484;
				INFOPLIST_FILE = Unredactor/Info.plist;
				IPHONEOS_DEPLOYMENT_TARGET = 11.0;
				LD_RUNPATH_SEARCH_PATHS = "$(inherited) @executable_path/Frameworks";
				MARKETING_VERSION = 1.08;
				PRODUCT_BUNDLE_IDENTIFIER = manceps;
				PRODUCT_NAME = "$(TARGET_NAME)";
				SWIFT_VERSION = 5.0;
				TARGETED_DEVICE_FAMILY = 1;
			};
			name = Debug;
		};
		2F7C0A7F22DCF2FD00AD2828 /* Release */ = {
			isa = XCBuildConfiguration;
			baseConfigurationReference = 51CD2596C94BFBA5DA2EBC5B /* Pods-Unredactor.release.xcconfig */;
			buildSettings = {
				ASSETCATALOG_COMPILER_APPICON_NAME = AppIcon;
				CODE_SIGN_STYLE = Automatic;
				DEVELOPMENT_TEAM = UY8VPSD484;
				INFOPLIST_FILE = Unredactor/Info.plist;
				IPHONEOS_DEPLOYMENT_TARGET = 11.0;
				LD_RUNPATH_SEARCH_PATHS = "$(inherited) @executable_path/Frameworks";
				MARKETING_VERSION = 1.08;
				PRODUCT_BUNDLE_IDENTIFIER = manceps;
				PRODUCT_NAME = "$(TARGET_NAME)";
				SWIFT_VERSION = 5.0;
				TARGETED_DEVICE_FAMILY = 1;
			};
			name = Release;
		};
		2F7C0A8122DCF2FD00AD2828 /* Debug */ = {
			isa = XCBuildConfiguration;
			baseConfigurationReference = 1D3D0ED1703A69F85DFF481D /* Pods-UnredactorTests.debug.xcconfig */;
			buildSettings = {
				ALWAYS_EMBED_SWIFT_STANDARD_LIBRARIES = YES;
				BUNDLE_LOADER = "$(TEST_HOST)";
				CODE_SIGN_STYLE = Automatic;
				DEVELOPMENT_TEAM = E88BK26E9L;
				INFOPLIST_FILE = UnredactorTests/Info.plist;
				LD_RUNPATH_SEARCH_PATHS = "$(inherited) @executable_path/Frameworks @loader_path/Frameworks";
				PRODUCT_BUNDLE_IDENTIFIER = manceps.UnredactorTests;
				PRODUCT_NAME = "$(TARGET_NAME)";
				SWIFT_VERSION = 5.0;
				TARGETED_DEVICE_FAMILY = "1,2";
				TEST_HOST = "$(BUILT_PRODUCTS_DIR)/Unredactor.app/Unredactor";
			};
			name = Debug;
		};
		2F7C0A8222DCF2FD00AD2828 /* Release */ = {
			isa = XCBuildConfiguration;
			baseConfigurationReference = C2DCE3D486DB97DF32F4CCAC /* Pods-UnredactorTests.release.xcconfig */;
			buildSettings = {
				ALWAYS_EMBED_SWIFT_STANDARD_LIBRARIES = YES;
				BUNDLE_LOADER = "$(TEST_HOST)";
				CODE_SIGN_STYLE = Automatic;
				DEVELOPMENT_TEAM = E88BK26E9L;
				INFOPLIST_FILE = UnredactorTests/Info.plist;
				LD_RUNPATH_SEARCH_PATHS = "$(inherited) @executable_path/Frameworks @loader_path/Frameworks";
				PRODUCT_BUNDLE_IDENTIFIER = manceps.UnredactorTests;
				PRODUCT_NAME = "$(TARGET_NAME)";
				SWIFT_VERSION = 5.0;
				TARGETED_DEVICE_FAMILY = "1,2";
				TEST_HOST = "$(BUILT_PRODUCTS_DIR)/Unredactor.app/Unredactor";
			};
			name = Release;
		};
		2F7C0A8422DCF2FD00AD2828 /* Debug */ = {
			isa = XCBuildConfiguration;
			baseConfigurationReference = 1B1FB787C3F2522FAEBBDE3E /* Pods-Unredactor-UnredactorUITests.debug.xcconfig */;
			buildSettings = {
				ALWAYS_EMBED_SWIFT_STANDARD_LIBRARIES = YES;
				CODE_SIGN_STYLE = Automatic;
				DEVELOPMENT_TEAM = E88BK26E9L;
				INFOPLIST_FILE = UnredactorUITests/Info.plist;
				LD_RUNPATH_SEARCH_PATHS = "$(inherited) @executable_path/Frameworks @loader_path/Frameworks";
				PRODUCT_BUNDLE_IDENTIFIER = manceps.UnredactorUITests;
				PRODUCT_NAME = "$(TARGET_NAME)";
				SWIFT_VERSION = 5.0;
				TARGETED_DEVICE_FAMILY = "1,2";
				TEST_TARGET_NAME = Unredactor;
			};
			name = Debug;
		};
		2F7C0A8522DCF2FD00AD2828 /* Release */ = {
			isa = XCBuildConfiguration;
			baseConfigurationReference = B73330B94CB5C3CB92BAB983 /* Pods-Unredactor-UnredactorUITests.release.xcconfig */;
			buildSettings = {
				ALWAYS_EMBED_SWIFT_STANDARD_LIBRARIES = YES;
				CODE_SIGN_STYLE = Automatic;
				DEVELOPMENT_TEAM = E88BK26E9L;
				INFOPLIST_FILE = UnredactorUITests/Info.plist;
				LD_RUNPATH_SEARCH_PATHS = "$(inherited) @executable_path/Frameworks @loader_path/Frameworks";
				PRODUCT_BUNDLE_IDENTIFIER = manceps.UnredactorUITests;
				PRODUCT_NAME = "$(TARGET_NAME)";
				SWIFT_VERSION = 5.0;
				TARGETED_DEVICE_FAMILY = "1,2";
				TEST_TARGET_NAME = Unredactor;
			};
			name = Release;
		};
/* End XCBuildConfiguration section */

/* Begin XCConfigurationList section */
		2F7C0A5022DCF2FC00AD2828 /* Build configuration list for PBXProject "Unredactor" */ = {
			isa = XCConfigurationList;
			buildConfigurations = (
				2F7C0A7B22DCF2FD00AD2828 /* Debug */,
				2F7C0A7C22DCF2FD00AD2828 /* Release */,
			);
			defaultConfigurationIsVisible = 0;
			defaultConfigurationName = Release;
		};
		2F7C0A7D22DCF2FD00AD2828 /* Build configuration list for PBXNativeTarget "Unredactor" */ = {
			isa = XCConfigurationList;
			buildConfigurations = (
				2F7C0A7E22DCF2FD00AD2828 /* Debug */,
				2F7C0A7F22DCF2FD00AD2828 /* Release */,
			);
			defaultConfigurationIsVisible = 0;
			defaultConfigurationName = Release;
		};
		2F7C0A8022DCF2FD00AD2828 /* Build configuration list for PBXNativeTarget "UnredactorTests" */ = {
			isa = XCConfigurationList;
			buildConfigurations = (
				2F7C0A8122DCF2FD00AD2828 /* Debug */,
				2F7C0A8222DCF2FD00AD2828 /* Release */,
			);
			defaultConfigurationIsVisible = 0;
			defaultConfigurationName = Release;
		};
		2F7C0A8322DCF2FD00AD2828 /* Build configuration list for PBXNativeTarget "UnredactorUITests" */ = {
			isa = XCConfigurationList;
			buildConfigurations = (
				2F7C0A8422DCF2FD00AD2828 /* Debug */,
				2F7C0A8522DCF2FD00AD2828 /* Release */,
			);
			defaultConfigurationIsVisible = 0;
			defaultConfigurationName = Release;
		};
/* End XCConfigurationList section */
	};
	rootObject = 2F7C0A4D22DCF2FC00AD2828 /* Project object */;
}
